PODS:
  - Alamofire (5.9.1)
  - CryptoSwift (1.8.4)
  - device_info_plus (0.0.1):
    - Flutter
  - Flutter (1.0.0)
  - flutter_secure_app (0.0.1):
    - Flutter
  - flutter_secure_storage_darwin (10.0.0):
    - Flutter
    - FlutterMacOS
  - http_certificate_pinning (3.0.0):
    - Alamofire (~> 5.9.0)
    - CryptoSwift
    - Flutter
  - integration_test (0.0.1):
    - Flutter
  - package_info_plus (0.4.5):
    - Flutter
  - shared_preferences_foundation (0.0.1):
    - Flutter
    - FlutterMacOS

DEPENDENCIES:
  - device_info_plus (from `.symlinks/plugins/device_info_plus/ios`)
  - Flutter (from `Flutter`)
  - flutter_secure_app (from `.symlinks/plugins/flutter_secure_app/ios`)
  - flutter_secure_storage_darwin (from `.symlinks/plugins/flutter_secure_storage_darwin/darwin`)
  - http_certificate_pinning (from `.symlinks/plugins/http_certificate_pinning/ios`)
  - integration_test (from `.symlinks/plugins/integration_test/ios`)
  - package_info_plus (from `.symlinks/plugins/package_info_plus/ios`)
  - shared_preferences_foundation (from `.symlinks/plugins/shared_preferences_foundation/darwin`)

SPEC REPOS:
  trunk:
    - Alamofire
    - CryptoSwift

EXTERNAL SOURCES:
  device_info_plus:
    :path: ".symlinks/plugins/device_info_plus/ios"
  Flutter:
    :path: Flutter
  flutter_secure_app:
    :path: ".symlinks/plugins/flutter_secure_app/ios"
  flutter_secure_storage_darwin:
    :path: ".symlinks/plugins/flutter_secure_storage_darwin/darwin"
  http_certificate_pinning:
    :path: ".symlinks/plugins/http_certificate_pinning/ios"
  integration_test:
    :path: ".symlinks/plugins/integration_test/ios"
  package_info_plus:
    :path: ".symlinks/plugins/package_info_plus/ios"
  shared_preferences_foundation:
    :path: ".symlinks/plugins/shared_preferences_foundation/darwin"

SPEC CHECKSUMS:
  Alamofire: f36a35757af4587d8e4f4bfa223ad10be2422b8c
  CryptoSwift: e64e11850ede528a02a0f3e768cec8e9d92ecb90
  device_info_plus: bf2e3232933866d73fe290f2942f2156cdd10342
  Flutter: cabc95a1d2626b1b06e7179b784ebcf0c0cde467
  flutter_secure_app: ae5d8217800c0d03998e79c222a3a8104a041c0b
  flutter_secure_storage_darwin: 557817588b80e60213cbecb573c45c76b788018d
  http_certificate_pinning: e0fea5deb9c56c234be0e09fe6991355a39c92e1
  integration_test: 252f60fa39af5e17c3aa9899d35d908a0721b573
  package_info_plus: c0502532a26c7662a62a356cebe2692ec5fe4ec4
  shared_preferences_foundation: 5086985c1d43c5ba4d5e69a4e8083a389e2909e6

PODFILE CHECKSUM: 3c63482e143d1b91d2d2560aee9fb04ecc74ac7e

COCOAPODS: 1.16.2
